
Microsoft Visual Studio Solution File, Format Version 12.00
# Visual Studio 15
VisualStudioVersion = 15.0.27428.2043
MinimumVisualStudioVersion = 10.0.40219.1
Project("{9A19103F-16F7-4668-BE54-9A1E7A4F7556}") = "Siloam.Service.EMRPharmacy", "Siloam.Service.EMRPharmacy\Siloam.Service.EMRPharmacy.csproj", "{C3143E7B-9781-4C1B-ABA0-C0364DCF9752}"
EndProject
Global
	GlobalSection(SolutionConfigurationPlatforms) = preSolution
		Debug|Any CPU = Debug|Any CPU
		Release|Any CPU = Release|Any CPU
	EndGlobalSection
	GlobalSection(ProjectConfigurationPlatforms) = postSolution
		{C3143E7B-9781-4C1B-ABA0-C0364DCF9752}.Debug|Any CPU.ActiveCfg = Debug|Any CPU
		{C3143E7B-9781-4C1B-ABA0-C0364DCF9752}.Debug|Any CPU.Build.0 = Debug|Any CPU
		{C3143E7B-9781-4C1B-ABA0-C0364DCF9752}.Release|Any CPU.ActiveCfg = Release|Any CPU
		{C3143E7B-9781-4C1B-ABA0-C0364DCF9752}.Release|Any CPU.Build.0 = Release|Any CPU
	EndGlobalSection
	GlobalSection(SolutionProperties) = preSolution
		HideSolutionNode = FALSE
	EndGlobalSection
	GlobalSection(ExtensibilityGlobals) = postSolution
		SolutionGuid = {5F2F9A7A-1917-43A5-A42B-4C81BE07093F}
	EndGlobalSection
	GlobalSection(TeamFoundationVersionControl) = preSolution
		SccNumberOfProjects = 1
		SccEnterpriseProvider = {4CA58AB2-18FA-4F8D-95D4-32DDF27D184C}
		SccTeamFoundationServer = http://10.85.129.54:8080/tfs/defaultcollection
		SccLocalPath0 = .
	EndGlobalSection
EndGlobal
